
Microsoft Visual Studio Solution File, Format Version 12.00
# Visual Studio Version 17
VisualStudioVersion = 17.9.34714.143
MinimumVisualStudioVersion = 10.0.40219.1
Project("{2150E333-8FDC-42A3-9474-1A3956D46DE8}") = "Gateway", "Gateway", "{1058FBF5-3362-4F65-8A96-19297C6B7A78}"
EndProject
Project("{2150E333-8FDC-42A3-9474-1A3956D46DE8}") = "Integrations", "Integrations", "{3241D702-87C9-45DD-A5E0-7F5D7C678561}"
EndProject
Project("{2150E333-8FDC-42A3-9474-1A3956D46DE8}") = "Services", "Services", "{78C5FDB0-CA0E-4F8E-8662-F77442845FFB}"
EndProject
Project("{9A19103F-16F7-4668-BE54-9A1E7A4F7556}") = "Redcorp.Services.AuthAndProfileAPI", "Redcorp.Services.ProfileAPI\Redcorp.Services.AuthAndProfileAPI.csproj", "{E253B86E-4630-4DD4-86CB-889562374CA7}"
EndProject
Project("{9A19103F-16F7-4668-BE54-9A1E7A4F7556}") = "Redcorp.Services.WorkAndProyectAPI", "Redcorp.Services.WorkAndProyectAPI\Redcorp.Services.WorkAndProyectAPI.csproj", "{30604BC4-5F0E-4D3B-9777-A6DAE3D2EAE1}"
EndProject
Project("{9A19103F-16F7-4668-BE54-9A1E7A4F7556}") = "Redcorp.Services.ReportAndAnalyticsAPI", "Redcorp.Services.ReportAndAnalyticsAPI\Redcorp.Services.ReportAndAnalyticsAPI.csproj", "{D5268A12-7C1E-4720-9559-F4D1D85BE4BC}"
EndProject
Project("{FAE04EC0-301F-11D3-BF4B-00C04F79EFBC}") = "RedcorpLibraryShared", "RedcorpLibraryShared\RedcorpLibraryShared.csproj", "{B7C567E1-EC73-4C9D-8857-C93E4543AE16}"
EndProject
Global
	GlobalSection(SolutionConfigurationPlatforms) = preSolution
		Debug|Any CPU = Debug|Any CPU
		Release|Any CPU = Release|Any CPU
	EndGlobalSection
	GlobalSection(ProjectConfigurationPlatforms) = postSolution
		{E253B86E-4630-4DD4-86CB-889562374CA7}.Debug|Any CPU.ActiveCfg = Debug|Any CPU
		{E253B86E-4630-4DD4-86CB-889562374CA7}.Debug|Any CPU.Build.0 = Debug|Any CPU
		{E253B86E-4630-4DD4-86CB-889562374CA7}.Release|Any CPU.ActiveCfg = Release|Any CPU
		{E253B86E-4630-4DD4-86CB-889562374CA7}.Release|Any CPU.Build.0 = Release|Any CPU
		{30604BC4-5F0E-4D3B-9777-A6DAE3D2EAE1}.Debug|Any CPU.ActiveCfg = Debug|Any CPU
		{30604BC4-5F0E-4D3B-9777-A6DAE3D2EAE1}.Debug|Any CPU.Build.0 = Debug|Any CPU
		{30604BC4-5F0E-4D3B-9777-A6DAE3D2EAE1}.Release|Any CPU.ActiveCfg = Release|Any CPU
		{30604BC4-5F0E-4D3B-9777-A6DAE3D2EAE1}.Release|Any CPU.Build.0 = Release|Any CPU
		{D5268A12-7C1E-4720-9559-F4D1D85BE4BC}.Debug|Any CPU.ActiveCfg = Debug|Any CPU
		{D5268A12-7C1E-4720-9559-F4D1D85BE4BC}.Debug|Any CPU.Build.0 = Debug|Any CPU
		{D5268A12-7C1E-4720-9559-F4D1D85BE4BC}.Release|Any CPU.ActiveCfg = Release|Any CPU
		{D5268A12-7C1E-4720-9559-F4D1D85BE4BC}.Release|Any CPU.Build.0 = Release|Any CPU
		{B7C567E1-EC73-4C9D-8857-C93E4543AE16}.Debug|Any CPU.ActiveCfg = Debug|Any CPU
		{B7C567E1-EC73-4C9D-8857-C93E4543AE16}.Debug|Any CPU.Build.0 = Debug|Any CPU
		{B7C567E1-EC73-4C9D-8857-C93E4543AE16}.Release|Any CPU.ActiveCfg = Release|Any CPU
		{B7C567E1-EC73-4C9D-8857-C93E4543AE16}.Release|Any CPU.Build.0 = Release|Any CPU
	EndGlobalSection
	GlobalSection(SolutionProperties) = preSolution
		HideSolutionNode = FALSE
	EndGlobalSection
	GlobalSection(NestedProjects) = preSolution
		{E253B86E-4630-4DD4-86CB-889562374CA7} = {78C5FDB0-CA0E-4F8E-8662-F77442845FFB}
		{30604BC4-5F0E-4D3B-9777-A6DAE3D2EAE1} = {78C5FDB0-CA0E-4F8E-8662-F77442845FFB}
		{D5268A12-7C1E-4720-9559-F4D1D85BE4BC} = {78C5FDB0-CA0E-4F8E-8662-F77442845FFB}
		{B7C567E1-EC73-4C9D-8857-C93E4543AE16} = {78C5FDB0-CA0E-4F8E-8662-F77442845FFB}
	EndGlobalSection
	GlobalSection(ExtensibilityGlobals) = postSolution
		SolutionGuid = {1219F34F-754D-4B00-BF64-F2B85652C4D6}
	EndGlobalSection
EndGlobal
